
Microsoft Visual Studio Solution File, Format Version 12.00
# Visual Studio 15
Project("{FAE04EC0-301F-11D3-BF4B-00C04F79EFBC}") = "CS321_W5D1_ExerciseLogAPI", "CS321_W5D1_ExerciseLogAPI\CS321_W5D1_ExerciseLogAPI.csproj", "{ABA5FF78-BCA2-4226-9503-38356F4006A0}"
EndProject
Project("{FAE04EC0-301F-11D3-BF4B-00C04F79EFBC}") = "CS321_W5D1_ExerciseLogAPI.Core", "CS321_W5D1_ExerciseLogAPI.Core\CS321_W5D1_ExerciseLogAPI.Core.csproj", "{086503D4-D9AB-4387-9FFA-118EE1958E93}"
EndProject
Project("{FAE04EC0-301F-11D3-BF4B-00C04F79EFBC}") = "CS321_W5D1_ExerciseLogAPI.Infrastructure", "CS321_W5D1_ExerciseLogAPI.Infrastructure\CS321_W5D1_ExerciseLogAPI.Infrastructure.csproj", "{CF4D090C-DDE0-43B1-A990-BB78B0AD8243}"
EndProject
Global
	GlobalSection(SolutionConfigurationPlatforms) = preSolution
		Debug|Any CPU = Debug|Any CPU
		Release|Any CPU = Release|Any CPU
	EndGlobalSection
	GlobalSection(ProjectConfigurationPlatforms) = postSolution
		{ABA5FF78-BCA2-4226-9503-38356F4006A0}.Debug|Any CPU.ActiveCfg = Debug|Any CPU
		{ABA5FF78-BCA2-4226-9503-38356F4006A0}.Debug|Any CPU.Build.0 = Debug|Any CPU
		{ABA5FF78-BCA2-4226-9503-38356F4006A0}.Release|Any CPU.ActiveCfg = Release|Any CPU
		{ABA5FF78-BCA2-4226-9503-38356F4006A0}.Release|Any CPU.Build.0 = Release|Any CPU
		{086503D4-D9AB-4387-9FFA-118EE1958E93}.Debug|Any CPU.ActiveCfg = Debug|Any CPU
		{086503D4-D9AB-4387-9FFA-118EE1958E93}.Debug|Any CPU.Build.0 = Debug|Any CPU
		{086503D4-D9AB-4387-9FFA-118EE1958E93}.Release|Any CPU.ActiveCfg = Release|Any CPU
		{086503D4-D9AB-4387-9FFA-118EE1958E93}.Release|Any CPU.Build.0 = Release|Any CPU
		{CF4D090C-DDE0-43B1-A990-BB78B0AD8243}.Debug|Any CPU.ActiveCfg = Debug|Any CPU
		{CF4D090C-DDE0-43B1-A990-BB78B0AD8243}.Debug|Any CPU.Build.0 = Debug|Any CPU
		{CF4D090C-DDE0-43B1-A990-BB78B0AD8243}.Release|Any CPU.ActiveCfg = Release|Any CPU
		{CF4D090C-DDE0-43B1-A990-BB78B0AD8243}.Release|Any CPU.Build.0 = Release|Any CPU
	EndGlobalSection
EndGlobal
